{
  "version": 4,
  "terraform_version": "1.4.6",
  "serial": 17,
  "lineage": "c01b348f-5333-e802-da7d-7f96ebf67afb",
  "outputs": {
    "bucket_name": {
      "value": "cb8f3efa3dac4357-bucket-tfstate",
      "type": "string"
    },
    "database_user": {
      "value": "Team3-iowa",
      "type": "string"
    },
    "name_of_vpc": {
      "value": "best-gcp-vpc-iowa",
      "type": "string"
    },
    "target-pool-name": {
      "value": "best-gcp-target-iowa",
      "type": "string"
    },
    "vpc_id": {
      "value": "google_compute_network.vpc.id",
      "type": "string"
    }
  },
  "resources": [
    {
      "mode": "data",
      "type": "google_compute_image",
      "name": "centos_7",
      "provider": "provider[\"registry.terraform.io/hashicorp/google-beta\"]",
      "instances": [
        {
          "schema_version": 0,
          "attributes": {
            "archive_size_bytes": 3103825920,
            "creation_timestamp": "2023-06-15T09:04:48.940-07:00",
            "description": "CentOS, CentOS, 7, x86_64 built on 20230615, supports Shielded VM features",
            "disk_size_gb": 20,
            "family": "centos-7",
            "filter": null,
            "id": "projects/centos-cloud/global/images/centos-7-v20230615",
            "image_encryption_key_sha256": "",
            "image_id": "1098449545616328816",
            "label_fingerprint": "42WmSpB8rSM=",
            "labels": {},
            "licenses": [
              "https://www.googleapis.com/compute/beta/projects/centos-cloud/global/licenses/centos-7"
            ],
            "name": "centos-7-v20230615",
            "project": "centos-cloud",
            "self_link": "https://www.googleapis.com/compute/beta/projects/centos-cloud/global/images/centos-7-v20230615",
            "source_disk": "",
            "source_disk_encryption_key_sha256": "",
            "source_disk_id": "",
            "source_image_id": "",
            "status": "READY"
          },
          "sensitive_attributes": []
        }
      ]
    },
    {
      "mode": "managed",
      "type": "google_compute_autoscaler",
      "name": "asg",
      "provider": "provider[\"registry.terraform.io/hashicorp/google-beta\"]",
      "instances": [
        {
          "schema_version": 0,
          "attributes": {
            "autoscaling_policy": [
              {
                "cooldown_period": 60,
                "cpu_utilization": [
                  {
                    "predictive_method": "NONE",
                    "target": 0.5
                  }
                ],
                "load_balancing_utilization": [],
                "max_replicas": 5,
                "metric": [],
                "min_replicas": 1,
                "mode": "ON",
                "scale_down_control": [],
                "scale_in_control": [],
                "scaling_schedules": []
              }
            ],
            "creation_timestamp": "2023-06-21T09:38:45.540-07:00",
            "description": "",
            "id": "projects/team3terraformproject/zones/us-central1-a/autoscalers/best-gcp-asg-iowa",
            "name": "best-gcp-asg-iowa",
            "project": "team3terraformproject",
            "self_link": "https://www.googleapis.com/compute/v1/projects/team3terraformproject/zones/us-central1-a/autoscalers/best-gcp-asg-iowa",
            "target": "https://www.googleapis.com/compute/v1/projects/team3terraformproject/zones/us-central1-a/instanceGroupManagers/best-gcp-instance-iowa",
            "timeouts": null,
            "zone": "https://www.googleapis.com/compute/v1/projects/team3terraformproject/zones/us-central1-a"
          },
          "sensitive_attributes": [],
          "private": "eyJlMmJmYjczMC1lY2FhLTExZTYtOGY4OC0zNDM2M2JjN2M0YzAiOnsiY3JlYXRlIjoxMjAwMDAwMDAwMDAwLCJkZWxldGUiOjEyMDAwMDAwMDAwMDAsInVwZGF0ZSI6MTIwMDAwMDAwMDAwMH19",
          "dependencies": [
            "data.google_compute_image.centos_7",
            "google_compute_instance_group_manager.asg_instance",
            "google_compute_instance_template.instance_template",
            "google_compute_network.vpc",
            "google_compute_target_pool.target_pool",
            "google_sql_database_instance.instance"
          ]
        }
      ]
    },
    {
      "mode": "managed",
      "type": "google_compute_firewall",
      "name": "allow-traffic",
      "provider": "provider[\"registry.terraform.io/hashicorp/google\"]",
      "instances": [
        {
          "schema_version": 1,
          "attributes": {
            "allow": [
              {
                "ports": [
                  "22",
                  "80",
                  "3306",
                  "443"
                ],
                "protocol": "tcp"
              },
              {
                "ports": [],
                "protocol": "icmp"
              }
            ],
            "creation_timestamp": "2023-06-21T09:19:21.935-07:00",
            "deny": [],
            "description": "",
            "destination_ranges": [],
            "direction": "INGRESS",
            "disabled": false,
            "enable_logging": null,
            "id": "projects/team3terraformproject/global/firewalls/best-gcp-firewall-iowa",
            "log_config": [],
            "name": "best-gcp-firewall-iowa",
            "network": "https://www.googleapis.com/compute/v1/projects/team3terraformproject/global/networks/best-gcp-vpc-iowa",
            "priority": 1000,
            "project": "team3terraformproject",
            "self_link": "https://www.googleapis.com/compute/v1/projects/team3terraformproject/global/firewalls/best-gcp-firewall-iowa",
            "source_ranges": [
              "0.0.0.0/0"
            ],
            "source_service_accounts": null,
            "source_tags": [
              "fun-gcp-firewall"
            ],
            "target_service_accounts": null,
            "target_tags": null,
            "timeouts": null
          },
          "sensitive_attributes": [],
          "private": "eyJlMmJmYjczMC1lY2FhLTExZTYtOGY4OC0zNDM2M2JjN2M0YzAiOnsiY3JlYXRlIjoxMjAwMDAwMDAwMDAwLCJkZWxldGUiOjEyMDAwMDAwMDAwMDAsInVwZGF0ZSI6MTIwMDAwMDAwMDAwMH0sInNjaGVtYV92ZXJzaW9uIjoiMSJ9",
          "dependencies": [
            "google_compute_network.vpc"
          ]
        }
      ]
    },
    {
      "mode": "managed",
      "type": "google_compute_instance_group_manager",
      "name": "asg_instance",
      "provider": "provider[\"registry.terraform.io/hashicorp/google-beta\"]",
      "instances": [
        {
          "schema_version": 0,
          "attributes": {
            "all_instances_config": [],
            "auto_healing_policies": [],
            "base_instance_name": "base-name",
            "description": "",
            "fingerprint": "zV9fM8Nnsq8=",
            "id": "projects/team3terraformproject/zones/us-central1-a/instanceGroupManagers/best-gcp-instance-iowa",
            "instance_group": "https://www.googleapis.com/compute/v1/projects/team3terraformproject/zones/us-central1-a/instanceGroups/best-gcp-instance-iowa",
            "instance_lifecycle_policy": [
              {
                "force_update_on_repair": "NO"
              }
            ],
            "list_managed_instances_results": "PAGELESS",
            "name": "best-gcp-instance-iowa",
            "named_port": [],
            "operation": null,
            "project": "team3terraformproject",
            "self_link": "https://www.googleapis.com/compute/v1/projects/team3terraformproject/zones/us-central1-a/instanceGroupManagers/best-gcp-instance-iowa",
            "stateful_disk": [],
            "stateful_external_ip": [],
            "stateful_internal_ip": [],
            "status": [
              {
                "all_instances_config": [
                  {
                    "effective": true
                  }
                ],
                "is_stable": true,
                "stateful": [
                  {
                    "has_stateful_config": false,
                    "per_instance_configs": [
                      {
                        "all_effective": true
                      }
                    ]
                  }
                ],
                "version_target": [
                  {
                    "is_reached": true
                  }
                ]
              }
            ],
            "target_pools": [
              "https://www.googleapis.com/compute/beta/projects/team3terraformproject/regions/us-central1/targetPools/best-gcp-target-iowa"
            ],
            "target_size": 0,
            "timeouts": null,
            "update_policy": [
              {
                "max_surge_fixed": 1,
                "max_surge_percent": 0,
                "max_unavailable_fixed": 1,
                "max_unavailable_percent": 0,
                "min_ready_sec": 0,
                "minimal_action": "REPLACE",
                "most_disruptive_allowed_action": "",
                "replacement_method": "SUBSTITUTE",
                "type": "OPPORTUNISTIC"
              }
            ],
            "version": [
              {
                "instance_template": "https://www.googleapis.com/compute/v1/projects/team3terraformproject/global/instanceTemplates/best-gcp-template-iowa",
                "name": "primary",
                "target_size": []
              }
            ],
            "wait_for_instances": false,
            "wait_for_instances_status": "STABLE",
            "zone": "us-central1-a"
          },
          "sensitive_attributes": [],
          "private": "eyJlMmJmYjczMC1lY2FhLTExZTYtOGY4OC0zNDM2M2JjN2M0YzAiOnsiY3JlYXRlIjo5MDAwMDAwMDAwMDAsImRlbGV0ZSI6OTAwMDAwMDAwMDAwLCJ1cGRhdGUiOjkwMDAwMDAwMDAwMH19",
          "dependencies": [
            "data.google_compute_image.centos_7",
            "google_compute_instance_template.instance_template",
            "google_compute_network.vpc",
            "google_compute_target_pool.target_pool",
            "google_sql_database_instance.instance"
          ]
        }
      ]
    },
    {
      "mode": "managed",
      "type": "google_compute_instance_template",
      "name": "instance_template",
      "provider": "provider[\"registry.terraform.io/hashicorp/google-beta\"]",
      "instances": [
        {
          "schema_version": 1,
          "attributes": {
            "advanced_machine_features": [],
            "can_ip_forward": false,
            "confidential_instance_config": null,
            "description": "",
            "disk": [
              {
                "auto_delete": true,
                "boot": true,
                "device_name": "persistent-disk-0",
                "disk_encryption_key": [],
                "disk_name": "",
                "disk_size_gb": 0,
                "disk_type": "pd-standard",
                "interface": "SCSI",
                "labels": null,
                "mode": "READ_WRITE",
                "resource_policies": null,
                "source": "",
                "source_image": "projects/centos-cloud/global/images/centos-7-v20230615",
                "source_image_encryption_key": [],
                "source_snapshot": "",
                "source_snapshot_encryption_key": [],
                "type": "PERSISTENT"
              }
            ],
            "enable_display": null,
            "guest_accelerator": [],
            "id": "projects/team3terraformproject/global/instanceTemplates/best-gcp-template-iowa",
            "instance_description": "",
            "labels": null,
            "machine_type": "e2-medium",
            "metadata": null,
            "metadata_fingerprint": "hmqV-iICcKo=",
            "metadata_startup_script": "      sudo setenforce 0\n\n      sudo yum install httpd -y \n\n      sudo systemctl start httpd\n      sudo systemctl enable httpd\n\n     sudo  yum install unzip wget -y\n      sudo rm -rf /var/www/html/*\n      sudo wget https://wordpress.org/latest.zip\n      sudo unzip latest.zip\n      sudo mv wordpress/* /var/www/html/\n\n      sudo yum install epel-release yum-utils -y\n      sudo yum install http://rpms.remirepo.net/enterprise/remi-release-7.rpm -y\n      sudo yum-config-manager --enable remi-php73\n      sudo yum install php php-mysql -y \n      sudo systemctl restart httpd\n      sudo php --version\n\n      sudo chown -R apache:apache /var/www/html\n      sudo rm -f wp-config.php\n",
            "min_cpu_platform": "",
            "name": "best-gcp-template-iowa",
            "name_prefix": null,
            "network_interface": [
              {
                "access_config": [
                  {
                    "nat_ip": "",
                    "network_tier": "PREMIUM",
                    "public_ptr_domain_name": ""
                  }
                ],
                "alias_ip_range": [],
                "ipv6_access_config": [],
                "ipv6_access_type": "",
                "name": "nic0",
                "network": "https://www.googleapis.com/compute/v1/projects/team3terraformproject/global/networks/best-gcp-vpc-iowa",
                "network_attachment": "",
                "network_ip": "",
                "nic_type": "",
                "queue_count": 0,
                "stack_type": "",
                "subnetwork": "",
                "subnetwork_project": ""
              }
            ],
            "network_performance_config": [],
            "project": "team3terraformproject",
            "region": null,
            "reservation_affinity": [],
            "resource_policies": null,
            "scheduling": [
              {
                "automatic_restart": true,
                "instance_termination_action": "",
                "maintenance_interval": "",
                "max_run_duration": [],
                "min_node_cpus": 0,
                "node_affinities": [],
                "on_host_maintenance": "MIGRATE",
                "preemptible": false,
                "provisioning_model": "STANDARD"
              }
            ],
            "self_link": "https://www.googleapis.com/compute/beta/projects/team3terraformproject/global/instanceTemplates/best-gcp-template-iowa",
            "self_link_unique": "https://www.googleapis.com/compute/beta/projects/team3terraformproject/global/instanceTemplates/best-gcp-template-iowa?uniqueId=4509599180116629915",
            "service_account": [],
            "shielded_instance_config": [],
            "tags": null,
            "tags_fingerprint": "",
            "timeouts": null
          },
          "sensitive_attributes": [],
          "private": "eyJlMmJmYjczMC1lY2FhLTExZTYtOGY4OC0zNDM2M2JjN2M0YzAiOnsiY3JlYXRlIjoyNDAwMDAwMDAwMDAsImRlbGV0ZSI6MjQwMDAwMDAwMDAwfSwic2NoZW1hX3ZlcnNpb24iOiIxIn0=",
          "dependencies": [
            "data.google_compute_image.centos_7",
            "google_compute_network.vpc",
            "google_sql_database_instance.instance"
          ]
        }
      ]
    },
    {
      "mode": "managed",
      "type": "google_compute_network",
      "name": "vpc",
      "provider": "provider[\"registry.terraform.io/hashicorp/google\"]",
      "instances": [
        {
          "schema_version": 0,
          "attributes": {
            "auto_create_subnetworks": true,
            "delete_default_routes_on_create": false,
            "description": "",
            "enable_ula_internal_ipv6": false,
            "gateway_ipv4": "",
            "id": "projects/team3terraformproject/global/networks/best-gcp-vpc-iowa",
            "internal_ipv6_range": "",
            "mtu": 0,
            "name": "best-gcp-vpc-iowa",
            "project": "team3terraformproject",
            "routing_mode": "GLOBAL",
            "self_link": "https://www.googleapis.com/compute/v1/projects/team3terraformproject/global/networks/best-gcp-vpc-iowa",
            "timeouts": null
          },
          "sensitive_attributes": [],
          "private": "eyJlMmJmYjczMC1lY2FhLTExZTYtOGY4OC0zNDM2M2JjN2M0YzAiOnsiY3JlYXRlIjoxMjAwMDAwMDAwMDAwLCJkZWxldGUiOjEyMDAwMDAwMDAwMDAsInVwZGF0ZSI6MTIwMDAwMDAwMDAwMH19"
        }
      ]
    },
    {
      "mode": "managed",
      "type": "google_compute_target_pool",
      "name": "target_pool",
      "provider": "provider[\"registry.terraform.io/hashicorp/google-beta\"]",
      "instances": [
        {
          "schema_version": 0,
          "attributes": {
            "backup_pool": "",
            "description": "",
            "failover_ratio": 0,
            "health_checks": null,
            "id": "projects/team3terraformproject/regions/us-central1/targetPools/best-gcp-target-iowa",
            "instances": [],
            "name": "best-gcp-target-iowa",
            "project": "team3terraformproject",
            "region": "us-central1",
            "self_link": "https://www.googleapis.com/compute/beta/projects/team3terraformproject/regions/us-central1/targetPools/best-gcp-target-iowa",
            "session_affinity": "NONE",
            "timeouts": null
          },
          "sensitive_attributes": [],
          "private": "eyJlMmJmYjczMC1lY2FhLTExZTYtOGY4OC0zNDM2M2JjN2M0YzAiOnsiY3JlYXRlIjoyNDAwMDAwMDAwMDAsImRlbGV0ZSI6MjQwMDAwMDAwMDAwLCJ1cGRhdGUiOjI0MDAwMDAwMDAwMH19"
        }
      ]
    },
    {
      "mode": "managed",
      "type": "google_sql_database",
      "name": "database",
      "provider": "provider[\"registry.terraform.io/hashicorp/google\"]",
      "instances": [
        {
          "schema_version": 0,
          "attributes": {
            "charset": "utf8mb4",
            "collation": "utf8mb4_0900_ai_ci",
            "id": "projects/team3terraformproject/instances/wordpress-iowa/databases/best-gcp-db-iowa",
            "instance": "wordpress-iowa",
            "name": "best-gcp-db-iowa",
            "project": "team3terraformproject",
            "self_link": "https://sqladmin.googleapis.com/sql/v1beta4/projects/team3terraformproject/instances/wordpress-iowa/databases/best-gcp-db-iowa",
            "timeouts": null
          },
          "sensitive_attributes": [],
          "private": "eyJlMmJmYjczMC1lY2FhLTExZTYtOGY4OC0zNDM2M2JjN2M0YzAiOnsiY3JlYXRlIjoxMjAwMDAwMDAwMDAwLCJkZWxldGUiOjEyMDAwMDAwMDAwMDAsInVwZGF0ZSI6MTIwMDAwMDAwMDAwMH19",
          "dependencies": [
            "google_sql_database_instance.instance"
          ]
        }
      ]
    },
    {
      "mode": "managed",
      "type": "google_sql_database_instance",
      "name": "instance",
      "provider": "provider[\"registry.terraform.io/hashicorp/google-beta\"]",
      "instances": [
        {
          "schema_version": 0,
          "attributes": {
            "available_maintenance_versions": [],
            "clone": [],
            "connection_name": "team3terraformproject:us-central1:wordpress-iowa",
            "database_version": "MYSQL_8_0",
            "deletion_protection": false,
            "encryption_key_name": null,
            "first_ip_address": "34.67.207.106",
            "id": "wordpress-iowa",
            "instance_type": "CLOUD_SQL_INSTANCE",
            "ip_address": [
              {
                "ip_address": "34.67.207.106",
                "time_to_retire": "",
                "type": "PRIMARY"
              }
            ],
            "maintenance_version": "MYSQL_8_0_26.R20230530.03_00",
            "master_instance_name": "",
            "name": "wordpress-iowa",
            "private_ip_address": "",
            "project": "team3terraformproject",
            "public_ip_address": "34.67.207.106",
            "region": "us-central1",
            "replica_configuration": [],
            "restore_backup_context": [],
            "root_password": "easypass123",
            "self_link": "https://sqladmin.googleapis.com/sql/v1beta4/projects/team3terraformproject/instances/wordpress-iowa",
            "server_ca_cert": [
              {
                "cert": "-----BEGIN CERTIFICATE-----\nMIIDfzCCAmegAwIBAgIBADANBgkqhkiG9w0BAQsFADB3MS0wKwYDVQQuEyQ4YzE0\nYTVmNy01OGZjLTRiNzMtYmU3My1hZmVlZTgzMTJiNmQxIzAhBgNVBAMTGkdvb2ds\nZSBDbG91ZCBTUUwgU2VydmVyIENBMRQwEgYDVQQKEwtHb29nbGUsIEluYzELMAkG\nA1UEBhMCVVMwHhcNMjMwNjIxMTYxODI0WhcNMzMwNjE4MTYxOTI0WjB3MS0wKwYD\nVQQuEyQ4YzE0YTVmNy01OGZjLTRiNzMtYmU3My1hZmVlZTgzMTJiNmQxIzAhBgNV\nBAMTGkdvb2dsZSBDbG91ZCBTUUwgU2VydmVyIENBMRQwEgYDVQQKEwtHb29nbGUs\nIEluYzELMAkGA1UEBhMCVVMwggEiMA0GCSqGSIb3DQEBAQUAA4IBDwAwggEKAoIB\nAQCfYfbBznCSY+UMNkey/RBrwDv172Xr96dxgeLggSJdeURwtz0nuF6C26aUYkaE\nUKQ6R1g//bIVq9iSovrEDcIepBlB2JST7ZrZTburXjr7Jjk3k6Nlzq5ZDB7yaF2r\n/lWlmWxVjcYJQMM0jx6RrOE7pBBEZf+Ku4dNdZ+q3I6W47o/NJgu21RK2Vrv4hvm\nn9M3yToV2i+pcAhMHvMZ/5DwCXWnJpvkk9xXw5layhssA8T7TUOiePonu6UQaUbk\nuQLp2NJlOIX9IQb3q/S8KhG7RaPe1IW9i9LZkNTFOz6BpISKJZG2JYlnCKdfQKni\nTYUHzoK8MiEqAtw5eC0kTmVdAgMBAAGjFjAUMBIGA1UdEwEB/wQIMAYBAf8CAQAw\nDQYJKoZIhvcNAQELBQADggEBABnASYN6jhLDEU2ocjoYaiDDQRE2qQLN34WMGDYR\nv9RrGm8wxRrj14Xl3/Ecadh+zcpkot4NPXuGV8xquSxs8VZRWQOgDT5xPkRZHc2w\nnYcTkfo5evVYNojvm+KHzQn4/Mm0G5cOAXRikweGpLDE6jA4vVsmnElsBB3UBvl1\nLn20ImJCyTUELRPs62sUN7jkuBrQ8PCmfJ99RONezLv10Rcpye/hIl+IDI4WBStS\ntV1e35Szr+vGBdpaXSu5v/413/1uybwu+d7JXvOGYxU38nXxhEoqWOpep25S4dK8\nDo/lriEeASQBDxeAX253z17szvKgDVctrZjWgYdcowultoI=\n-----END CERTIFICATE-----",
                "common_name": "C=US,O=Google\\, Inc,CN=Google Cloud SQL Server CA,dnQualifier=8c14a5f7-58fc-4b73-be73-afeee8312b6d",
                "create_time": "2023-06-21T16:18:24.203Z",
                "expiration_time": "2033-06-18T16:19:24.203Z",
                "sha1_fingerprint": "2957deff638a77a5c38670621ec1727d6f0032c2"
              }
            ],
            "service_account_email_address": "p122684087684-1tambx@gcp-sa-cloud-sql.iam.gserviceaccount.com",
            "settings": [
              {
                "activation_policy": "ALWAYS",
                "active_directory_config": [],
                "advanced_machine_features": [],
                "availability_type": "ZONAL",
                "backup_configuration": [
                  {
                    "backup_retention_settings": [
                      {
                        "retained_backups": 7,
                        "retention_unit": "COUNT"
                      }
                    ],
                    "binary_log_enabled": false,
                    "enabled": false,
                    "location": "",
                    "point_in_time_recovery_enabled": false,
                    "start_time": "03:00",
                    "transaction_log_retention_days": 7
                  }
                ],
                "collation": "",
                "connector_enforcement": "NOT_REQUIRED",
                "database_flags": [],
                "deletion_protection_enabled": false,
                "deny_maintenance_period": [],
                "disk_autoresize": true,
                "disk_autoresize_limit": 0,
                "disk_size": 10,
                "disk_type": "PD_SSD",
                "insights_config": [],
                "ip_configuration": [
                  {
                    "allocated_ip_range": "",
                    "authorized_networks": [
                      {
                        "expiration_time": "",
                        "name": "Team3-iowa",
                        "value": "0.0.0.0/0"
                      }
                    ],
                    "enable_private_path_for_google_cloud_services": false,
                    "ipv4_enabled": true,
                    "private_network": "",
                    "require_ssl": false
                  }
                ],
                "location_preference": [
                  {
                    "follow_gae_application": "",
                    "secondary_zone": "",
                    "zone": "us-central1-a"
                  }
                ],
                "maintenance_window": [],
                "password_validation_policy": [],
                "pricing_plan": "PER_USE",
                "sql_server_audit_config": [],
                "tier": "db-f1-micro",
                "time_zone": "",
                "user_labels": {},
                "version": 1
              }
            ],
            "timeouts": null
          },
          "sensitive_attributes": [],
          "private": "eyJlMmJmYjczMC1lY2FhLTExZTYtOGY4OC0zNDM2M2JjN2M0YzAiOnsiY3JlYXRlIjoyNDAwMDAwMDAwMDAwLCJkZWxldGUiOjE4MDAwMDAwMDAwMDAsInVwZGF0ZSI6MTgwMDAwMDAwMDAwMH19"
        }
      ]
    },
    {
      "mode": "managed",
      "type": "google_storage_bucket",
      "name": "default",
      "provider": "provider[\"registry.terraform.io/hashicorp/google\"]",
      "instances": [
        {
          "schema_version": 0,
          "attributes": {
            "cors": [],
            "default_event_based_hold": false,
            "encryption": [],
            "force_destroy": false,
            "id": "cb8f3efa3dac4357-bucket-tfstate",
            "labels": null,
            "lifecycle_rule": [],
            "location": "US",
            "logging": [],
            "name": "cb8f3efa3dac4357-bucket-tfstate",
            "project": "team3terraformproject",
            "requester_pays": false,
            "retention_policy": [],
            "self_link": "https://www.googleapis.com/storage/v1/b/cb8f3efa3dac4357-bucket-tfstate",
            "storage_class": "STANDARD",
            "timeouts": null,
            "uniform_bucket_level_access": false,
            "url": "gs://cb8f3efa3dac4357-bucket-tfstate",
            "versioning": [
              {
                "enabled": true
              }
            ],
            "website": []
          },
          "sensitive_attributes": [],
          "private": "eyJlMmJmYjczMC1lY2FhLTExZTYtOGY4OC0zNDM2M2JjN2M0YzAiOnsiY3JlYXRlIjoyNDAwMDAwMDAwMDAsInJlYWQiOjI0MDAwMDAwMDAwMCwidXBkYXRlIjoyNDAwMDAwMDAwMDB9fQ==",
          "dependencies": [
            "random_id.bucket_prefix"
          ]
        }
      ]
    },
    {
      "mode": "managed",
      "type": "random_id",
      "name": "bucket_prefix",
      "provider": "provider[\"registry.terraform.io/hashicorp/random\"]",
      "instances": [
        {
          "schema_version": 0,
          "attributes": {
            "b64_std": "y48++j2sQ1c=",
            "b64_url": "y48--j2sQ1c",
            "byte_length": 8,
            "dec": "14668011755866440535",
            "hex": "cb8f3efa3dac4357",
            "id": "y48--j2sQ1c",
            "keepers": null,
            "prefix": null
          },
          "sensitive_attributes": []
        }
      ]
    },
    {
      "module": "module.lb",
      "mode": "managed",
      "type": "google_compute_firewall",
      "name": "default-hc-fw",
      "provider": "provider[\"registry.terraform.io/hashicorp/google\"]",
      "instances": [
        {
          "index_key": 0,
          "schema_version": 1,
          "attributes": {
            "allow": [
              {
                "ports": [
                  "80"
                ],
                "protocol": "tcp"
              }
            ],
            "creation_timestamp": "2023-06-21T09:19:21.412-07:00",
            "deny": [],
            "description": "",
            "destination_ranges": [],
            "direction": "INGRESS",
            "disabled": false,
            "enable_logging": null,
            "id": "projects/team3terraformproject/global/firewalls/best-gcp-lb-iowa-hc",
            "log_config": [],
            "name": "best-gcp-lb-iowa-hc",
            "network": "https://www.googleapis.com/compute/v1/projects/team3terraformproject/global/networks/best-gcp-vpc-iowa",
            "priority": 1000,
            "project": "team3terraformproject",
            "self_link": "https://www.googleapis.com/compute/v1/projects/team3terraformproject/global/firewalls/best-gcp-lb-iowa-hc",
            "source_ranges": [
              "209.85.152.0/22",
              "209.85.204.0/22",
              "35.191.0.0/16"
            ],
            "source_service_accounts": null,
            "source_tags": null,
            "target_service_accounts": null,
            "target_tags": [
              "my-target-pool"
            ],
            "timeouts": null
          },
          "sensitive_attributes": [],
          "private": "eyJlMmJmYjczMC1lY2FhLTExZTYtOGY4OC0zNDM2M2JjN2M0YzAiOnsiY3JlYXRlIjoxMjAwMDAwMDAwMDAwLCJkZWxldGUiOjEyMDAwMDAwMDAwMDAsInVwZGF0ZSI6MTIwMDAwMDAwMDAwMH0sInNjaGVtYV92ZXJzaW9uIjoiMSJ9",
          "dependencies": [
            "google_compute_network.vpc"
          ]
        }
      ]
    },
    {
      "module": "module.lb",
      "mode": "managed",
      "type": "google_compute_firewall",
      "name": "default-lb-fw",
      "provider": "provider[\"registry.terraform.io/hashicorp/google\"]",
      "instances": [
        {
          "schema_version": 1,
          "attributes": {
            "allow": [
              {
                "ports": [
                  "80"
                ],
                "protocol": "tcp"
              }
            ],
            "creation_timestamp": "2023-06-21T09:19:21.963-07:00",
            "deny": [],
            "description": "",
            "destination_ranges": [],
            "direction": "INGRESS",
            "disabled": false,
            "enable_logging": null,
            "id": "projects/team3terraformproject/global/firewalls/best-gcp-lb-iowa-vm-service",
            "log_config": [],
            "name": "best-gcp-lb-iowa-vm-service",
            "network": "https://www.googleapis.com/compute/v1/projects/team3terraformproject/global/networks/best-gcp-vpc-iowa",
            "priority": 1000,
            "project": "team3terraformproject",
            "self_link": "https://www.googleapis.com/compute/v1/projects/team3terraformproject/global/firewalls/best-gcp-lb-iowa-vm-service",
            "source_ranges": [
              "0.0.0.0/0"
            ],
            "source_service_accounts": null,
            "source_tags": null,
            "target_service_accounts": null,
            "target_tags": [
              "my-target-pool"
            ],
            "timeouts": null
          },
          "sensitive_attributes": [],
          "private": "eyJlMmJmYjczMC1lY2FhLTExZTYtOGY4OC0zNDM2M2JjN2M0YzAiOnsiY3JlYXRlIjoxMjAwMDAwMDAwMDAwLCJkZWxldGUiOjEyMDAwMDAwMDAwMDAsInVwZGF0ZSI6MTIwMDAwMDAwMDAwMH0sInNjaGVtYV92ZXJzaW9uIjoiMSJ9",
          "dependencies": [
            "google_compute_network.vpc"
          ]
        }
      ]
    },
    {
      "module": "module.lb",
      "mode": "managed",
      "type": "google_compute_forwarding_rule",
      "name": "default",
      "provider": "provider[\"registry.terraform.io/hashicorp/google\"]",
      "instances": [
        {
          "schema_version": 0,
          "attributes": {
            "all_ports": false,
            "allow_global_access": false,
            "backend_service": "",
            "creation_timestamp": "2023-06-21T09:18:51.004-07:00",
            "description": "",
            "id": "projects/team3terraformproject/regions/us-central1/forwardingRules/best-gcp-lb-iowa",
            "ip_address": "35.202.132.6",
            "ip_protocol": "TCP",
            "is_mirroring_collector": false,
            "label_fingerprint": "42WmSpB8rSM=",
            "labels": null,
            "load_balancing_scheme": "EXTERNAL",
            "name": "best-gcp-lb-iowa",
            "network": "",
            "network_tier": "PREMIUM",
            "port_range": "80",
            "ports": null,
            "project": "team3terraformproject",
            "psc_connection_id": "",
            "psc_connection_status": "",
            "region": "us-central1",
            "self_link": "https://www.googleapis.com/compute/v1/projects/team3terraformproject/regions/us-central1/forwardingRules/best-gcp-lb-iowa",
            "service_directory_registrations": [],
            "service_label": "",
            "service_name": "",
            "subnetwork": "",
            "target": "https://www.googleapis.com/compute/v1/projects/team3terraformproject/regions/us-central1/targetPools/best-gcp-lb-iowa",
            "timeouts": null
          },
          "sensitive_attributes": [],
          "private": "eyJlMmJmYjczMC1lY2FhLTExZTYtOGY4OC0zNDM2M2JjN2M0YzAiOnsiY3JlYXRlIjoxMjAwMDAwMDAwMDAwLCJkZWxldGUiOjEyMDAwMDAwMDAwMDAsInVwZGF0ZSI6MTIwMDAwMDAwMDAwMH19",
          "dependencies": [
            "module.lb.google_compute_http_health_check.default",
            "module.lb.google_compute_target_pool.default"
          ]
        }
      ]
    },
    {
      "module": "module.lb",
      "mode": "managed",
      "type": "google_compute_http_health_check",
      "name": "default",
      "provider": "provider[\"registry.terraform.io/hashicorp/google\"]",
      "instances": [
        {
          "index_key": 0,
          "schema_version": 0,
          "attributes": {
            "check_interval_sec": 5,
            "creation_timestamp": "2023-06-21T09:18:28.951-07:00",
            "description": "",
            "healthy_threshold": 2,
            "host": "",
            "id": "projects/team3terraformproject/global/httpHealthChecks/best-gcp-lb-iowa-hc",
            "name": "best-gcp-lb-iowa-hc",
            "port": 80,
            "project": "team3terraformproject",
            "request_path": "/",
            "self_link": "https://www.googleapis.com/compute/v1/projects/team3terraformproject/global/httpHealthChecks/best-gcp-lb-iowa-hc",
            "timeout_sec": 5,
            "timeouts": null,
            "unhealthy_threshold": 2
          },
          "sensitive_attributes": [],
          "private": "eyJlMmJmYjczMC1lY2FhLTExZTYtOGY4OC0zNDM2M2JjN2M0YzAiOnsiY3JlYXRlIjoxMjAwMDAwMDAwMDAwLCJkZWxldGUiOjEyMDAwMDAwMDAwMDAsInVwZGF0ZSI6MTIwMDAwMDAwMDAwMH19"
        }
      ]
    },
    {
      "module": "module.lb",
      "mode": "managed",
      "type": "google_compute_target_pool",
      "name": "default",
      "provider": "provider[\"registry.terraform.io/hashicorp/google\"]",
      "instances": [
        {
          "schema_version": 0,
          "attributes": {
            "backup_pool": "",
            "description": "",
            "failover_ratio": 0,
            "health_checks": [
              "https://www.googleapis.com/compute/v1/projects/team3terraformproject/global/httpHealthChecks/best-gcp-lb-iowa-hc"
            ],
            "id": "projects/team3terraformproject/regions/us-central1/targetPools/best-gcp-lb-iowa",
            "instances": [],
            "name": "best-gcp-lb-iowa",
            "project": "team3terraformproject",
            "region": "us-central1",
            "self_link": "https://www.googleapis.com/compute/v1/projects/team3terraformproject/regions/us-central1/targetPools/best-gcp-lb-iowa",
            "session_affinity": "NONE",
            "timeouts": null
          },
          "sensitive_attributes": [],
          "private": "eyJlMmJmYjczMC1lY2FhLTExZTYtOGY4OC0zNDM2M2JjN2M0YzAiOnsiY3JlYXRlIjoyNDAwMDAwMDAwMDAsImRlbGV0ZSI6MjQwMDAwMDAwMDAwLCJ1cGRhdGUiOjI0MDAwMDAwMDAwMH19",
          "dependencies": [
            "module.lb.google_compute_http_health_check.default"
          ]
        }
      ]
    }
  ],
  "check_results": null
}
