{
  "version": 4,
  "terraform_version": "1.4.6",
  "serial": 10,
  "lineage": "3627e710-837c-b75e-6b1d-b7d0d611d334",
  "outputs": {},
  "resources": [
    {
      "mode": "managed",
      "type": "google_sql_database",
      "name": "database",
      "provider": "provider[\"registry.terraform.io/hashicorp/google\"]",
      "instances": [
        {
          "schema_version": 0,
          "attributes": {
            "charset": "utf8",
            "collation": "utf8_general_ci",
            "deletion_policy": "DELETE",
            "id": "projects/team3terraformproject/instances/team3-db-instance/databases/team3-db-instance",
            "instance": "team3-db-instance",
            "name": "team3-db-instance",
            "project": "team3terraformproject",
            "self_link": "https://sqladmin.googleapis.com/sql/v1beta4/projects/team3terraformproject/instances/team3-db-instance/databases/team3-db-instance",
            "timeouts": null
          },
          "sensitive_attributes": [],
          "private": "eyJlMmJmYjczMC1lY2FhLTExZTYtOGY4OC0zNDM2M2JjN2M0YzAiOnsiY3JlYXRlIjoxMjAwMDAwMDAwMDAwLCJkZWxldGUiOjEyMDAwMDAwMDAwMDAsInVwZGF0ZSI6MTIwMDAwMDAwMDAwMH19",
          "dependencies": [
            "google_sql_database_instance.instance"
          ]
        }
      ]
    },
    {
      "mode": "managed",
      "type": "google_sql_database_instance",
      "name": "instance",
      "provider": "provider[\"registry.terraform.io/hashicorp/google\"]",
      "instances": [
        {
          "schema_version": 0,
          "attributes": {
            "available_maintenance_versions": [],
            "clone": [],
            "connection_name": "team3terraformproject:us-east1:team3-db-instance",
            "database_version": "MYSQL_5_7",
            "deletion_protection": false,
            "encryption_key_name": null,
            "first_ip_address": "34.148.150.3",
            "id": "team3-db-instance",
            "instance_type": "CLOUD_SQL_INSTANCE",
            "ip_address": [
              {
                "ip_address": "34.148.150.3",
                "time_to_retire": "",
                "type": "PRIMARY"
              }
            ],
            "maintenance_version": "MYSQL_5_7_42.R20230530.03_00",
            "master_instance_name": "",
            "name": "team3-db-instance",
            "private_ip_address": "",
            "project": "team3terraformproject",
            "public_ip_address": "34.148.150.3",
            "region": "us-east1",
            "replica_configuration": [],
            "restore_backup_context": [],
            "root_password": null,
            "self_link": "https://sqladmin.googleapis.com/sql/v1beta4/projects/team3terraformproject/instances/team3-db-instance",
            "server_ca_cert": [
              {
                "cert": "-----BEGIN CERTIFICATE-----\nMIIDfzCCAmegAwIBAgIBADANBgkqhkiG9w0BAQsFADB3MS0wKwYDVQQuEyQ3YjU2\nOTM4YS1lMmVkLTQ5ODYtYjU1ZS0zMzAzZmU0ZjA0NjUxIzAhBgNVBAMTGkdvb2ds\nZSBDbG91ZCBTUUwgU2VydmVyIENBMRQwEgYDVQQKEwtHb29nbGUsIEluYzELMAkG\nA1UEBhMCVVMwHhcNMjMwNjE1MDA0NDUwWhcNMzMwNjEyMDA0NTUwWjB3MS0wKwYD\nVQQuEyQ3YjU2OTM4YS1lMmVkLTQ5ODYtYjU1ZS0zMzAzZmU0ZjA0NjUxIzAhBgNV\nBAMTGkdvb2dsZSBDbG91ZCBTUUwgU2VydmVyIENBMRQwEgYDVQQKEwtHb29nbGUs\nIEluYzELMAkGA1UEBhMCVVMwggEiMA0GCSqGSIb3DQEBAQUAA4IBDwAwggEKAoIB\nAQCuf5quIoCEgm52UHw9s/t+yLGgafV6LdJxWVNLBbj48/i2fa6BhB8jKTwfVKVh\n7cCdj3ZL6q13xsnsOsb+JunN815exeWMc7pzTQZKZF/xFlrn78FHd8dMvEeLD8Ac\n5c+uDvUE9bBm1E5Qvz0WC/21i2CPDL9KmPzfWtLL4gy77iP72ToDXxKS/CY+mfkx\nX7VtdxQazceOVoh/6kEjIHdUaLlRwhMmF6maydNSOeQ16xSpF8HJhhd/aeMlzTsK\nDDXS32wg/wI6WJlBBAXgBsXb+BrTB4CY1mzOuECbb6sIqZ7JSFYyS3SPCQ9Xjl3J\n0PzavD+Fy6BxuFsGLFkV4JuvAgMBAAGjFjAUMBIGA1UdEwEB/wQIMAYBAf8CAQAw\nDQYJKoZIhvcNAQELBQADggEBADr5T/3NiH24R5y11xBXEJGxcmDlUPTsSsneDSFb\nCnbnCzSXMM7QRoApxFvPw/iN4AMkC4nXeYaE3D1QHP5Z1WL80bRPPuHI31toC9ed\nJmpvKn/Wc9qPl/e2Mhuim3F747nLndEn6F6h0c6yS2xmhjcUydm3Q2SnJzGRbaZ9\n/5oHmZiaCyRYVWmqCPiHl0AQYLKPYl7B+aqYSI8EbBtOnibM751TypQZC4ANyxGW\ngQ9footPhyaQ+99UESPZ3KuxJNr4R8pzvgZD1K06ptRvaU9GfxM79tJwE5TU7hn9\n43Ss3zRtyLqm7hrmMKABUP9kqDwecr5Jprkb6mz8dbHUW9U=\n-----END CERTIFICATE-----",
                "common_name": "C=US,O=Google\\, Inc,CN=Google Cloud SQL Server CA,dnQualifier=7b56938a-e2ed-4986-b55e-3303fe4f0465",
                "create_time": "2023-06-15T00:44:50.732Z",
                "expiration_time": "2033-06-12T00:45:50.732Z",
                "sha1_fingerprint": "744c42414d450837287e68774248c7ae7343918f"
              }
            ],
            "service_account_email_address": "p122684087684-8dw76c@gcp-sa-cloud-sql.iam.gserviceaccount.com",
            "settings": [
              {
                "activation_policy": "ALWAYS",
                "active_directory_config": [],
                "advanced_machine_features": [],
                "availability_type": "ZONAL",
                "backup_configuration": [
                  {
                    "backup_retention_settings": [
                      {
                        "retained_backups": 7,
                        "retention_unit": "COUNT"
                      }
                    ],
                    "binary_log_enabled": false,
                    "enabled": false,
                    "location": "",
                    "point_in_time_recovery_enabled": false,
                    "start_time": "10:00",
                    "transaction_log_retention_days": 7
                  }
                ],
                "collation": "",
                "connector_enforcement": "NOT_REQUIRED",
                "database_flags": [],
                "deletion_protection_enabled": false,
                "deny_maintenance_period": [],
                "disk_autoresize": true,
                "disk_autoresize_limit": 0,
                "disk_size": 10,
                "disk_type": "PD_SSD",
                "insights_config": [],
                "ip_configuration": [
                  {
                    "allocated_ip_range": "",
                    "authorized_networks": [],
                    "enable_private_path_for_google_cloud_services": false,
                    "ipv4_enabled": true,
                    "private_network": "",
                    "require_ssl": false
                  }
                ],
                "location_preference": [
                  {
                    "follow_gae_application": "",
                    "secondary_zone": "",
                    "zone": "us-east1-c"
                  }
                ],
                "maintenance_window": [],
                "password_validation_policy": [],
                "pricing_plan": "PER_USE",
                "sql_server_audit_config": [],
                "tier": "db-f1-micro",
                "time_zone": "",
                "user_labels": {},
                "version": 1
              }
            ],
            "timeouts": null
          },
          "sensitive_attributes": [],
          "private": "eyJlMmJmYjczMC1lY2FhLTExZTYtOGY4OC0zNDM2M2JjN2M0YzAiOnsiY3JlYXRlIjoyNDAwMDAwMDAwMDAwLCJkZWxldGUiOjE4MDAwMDAwMDAwMDAsInVwZGF0ZSI6MTgwMDAwMDAwMDAwMH19"
        }
      ]
    }
  ],
  "check_results": null
}
