{
  "version": 4,
  "terraform_version": "1.4.6",
  "serial": 10,
  "lineage": "51d614d2-ef4e-9320-9e31-864937327f57",
  "outputs": {
    "bucket_name": {
      "value": "a5f0cfe61b051963-bucket-tfstate",
      "type": "string"
    },
    "database_user": {
      "value": "Team3-london",
      "type": "string"
    },
    "name_of_vpc": {
      "value": "best-gcp-vpc-london",
      "type": "string"
    },
    "target-pool-name": {
      "value": "best-gcp-target-london",
      "type": "string"
    },
    "vpc_id": {
      "value": "google_compute_network.vpc.id",
      "type": "string"
    }
  },
  "resources": [
    {
      "mode": "data",
      "type": "google_compute_image",
      "name": "centos_7",
      "provider": "provider[\"registry.terraform.io/hashicorp/google-beta\"]",
      "instances": [
        {
          "schema_version": 0,
          "attributes": {
            "archive_size_bytes": 3103825920,
            "creation_timestamp": "2023-06-15T09:04:48.940-07:00",
            "description": "CentOS, CentOS, 7, x86_64 built on 20230615, supports Shielded VM features",
            "disk_size_gb": 20,
            "family": "centos-7",
            "filter": null,
            "id": "projects/centos-cloud/global/images/centos-7-v20230615",
            "image_encryption_key_sha256": "",
            "image_id": "1098449545616328816",
            "label_fingerprint": "42WmSpB8rSM=",
            "labels": {},
            "licenses": [
              "https://www.googleapis.com/compute/beta/projects/centos-cloud/global/licenses/centos-7"
            ],
            "name": "centos-7-v20230615",
            "project": "centos-cloud",
            "self_link": "https://www.googleapis.com/compute/beta/projects/centos-cloud/global/images/centos-7-v20230615",
            "source_disk": "",
            "source_disk_encryption_key_sha256": "",
            "source_disk_id": "",
            "source_image_id": "",
            "status": "READY"
          },
          "sensitive_attributes": []
        }
      ]
    },
    {
      "mode": "managed",
      "type": "google_compute_autoscaler",
      "name": "asg",
      "provider": "provider[\"registry.terraform.io/hashicorp/google-beta\"]",
      "instances": []
    },
    {
      "mode": "managed",
      "type": "google_compute_firewall",
      "name": "allow-traffic",
      "provider": "provider[\"registry.terraform.io/hashicorp/google\"]",
      "instances": [
        {
          "schema_version": 1,
          "attributes": {
            "allow": [
              {
                "ports": [
                  "22",
                  "80",
                  "3306",
                  "443"
                ],
                "protocol": "tcp"
              },
              {
                "ports": [],
                "protocol": "icmp"
              }
            ],
            "creation_timestamp": "2023-06-21T10:22:09.865-07:00",
            "deny": [],
            "description": "",
            "destination_ranges": [],
            "direction": "INGRESS",
            "disabled": false,
            "enable_logging": null,
            "id": "projects/team3terraformproject/global/firewalls/best-gcp-firewall-london",
            "log_config": [],
            "name": "best-gcp-firewall-london",
            "network": "https://www.googleapis.com/compute/v1/projects/team3terraformproject/global/networks/best-gcp-vpc-london",
            "priority": 1000,
            "project": "team3terraformproject",
            "self_link": "https://www.googleapis.com/compute/v1/projects/team3terraformproject/global/firewalls/best-gcp-firewall-london",
            "source_ranges": [
              "0.0.0.0/0"
            ],
            "source_service_accounts": null,
            "source_tags": [
              "fun-gcp-firewall"
            ],
            "target_service_accounts": null,
            "target_tags": null,
            "timeouts": null
          },
          "sensitive_attributes": [],
          "private": "eyJlMmJmYjczMC1lY2FhLTExZTYtOGY4OC0zNDM2M2JjN2M0YzAiOnsiY3JlYXRlIjoxMjAwMDAwMDAwMDAwLCJkZWxldGUiOjEyMDAwMDAwMDAwMDAsInVwZGF0ZSI6MTIwMDAwMDAwMDAwMH0sInNjaGVtYV92ZXJzaW9uIjoiMSJ9",
          "dependencies": [
            "google_compute_network.vpc"
          ]
        }
      ]
    },
    {
      "mode": "managed",
      "type": "google_compute_instance_group_manager",
      "name": "asg_instance",
      "provider": "provider[\"registry.terraform.io/hashicorp/google-beta\"]",
      "instances": []
    },
    {
      "mode": "managed",
      "type": "google_compute_instance_template",
      "name": "instance_template",
      "provider": "provider[\"registry.terraform.io/hashicorp/google-beta\"]",
      "instances": []
    },
    {
      "mode": "managed",
      "type": "google_compute_network",
      "name": "vpc",
      "provider": "provider[\"registry.terraform.io/hashicorp/google\"]",
      "instances": [
        {
          "schema_version": 0,
          "attributes": {
            "auto_create_subnetworks": true,
            "delete_default_routes_on_create": false,
            "description": "",
            "enable_ula_internal_ipv6": false,
            "gateway_ipv4": "",
            "id": "projects/team3terraformproject/global/networks/best-gcp-vpc-london",
            "internal_ipv6_range": "",
            "mtu": 0,
            "name": "best-gcp-vpc-london",
            "network_firewall_policy_enforcement_order": "AFTER_CLASSIC_FIREWALL",
            "project": "team3terraformproject",
            "routing_mode": "GLOBAL",
            "self_link": "https://www.googleapis.com/compute/v1/projects/team3terraformproject/global/networks/best-gcp-vpc-london",
            "timeouts": null
          },
          "sensitive_attributes": [],
          "private": "eyJlMmJmYjczMC1lY2FhLTExZTYtOGY4OC0zNDM2M2JjN2M0YzAiOnsiY3JlYXRlIjoxMjAwMDAwMDAwMDAwLCJkZWxldGUiOjEyMDAwMDAwMDAwMDAsInVwZGF0ZSI6MTIwMDAwMDAwMDAwMH19"
        }
      ]
    },
    {
      "mode": "managed",
      "type": "google_compute_target_pool",
      "name": "target_pool",
      "provider": "provider[\"registry.terraform.io/hashicorp/google-beta\"]",
      "instances": [
        {
          "schema_version": 0,
          "attributes": {
            "backup_pool": "",
            "description": "",
            "failover_ratio": 0,
            "health_checks": null,
            "id": "projects/team3terraformproject/regions/europe-west2/targetPools/best-gcp-target-london",
            "instances": [],
            "name": "best-gcp-target-london",
            "project": "team3terraformproject",
            "region": "europe-west2",
            "self_link": "https://www.googleapis.com/compute/beta/projects/team3terraformproject/regions/europe-west2/targetPools/best-gcp-target-london",
            "session_affinity": "NONE",
            "timeouts": null
          },
          "sensitive_attributes": [],
          "private": "eyJlMmJmYjczMC1lY2FhLTExZTYtOGY4OC0zNDM2M2JjN2M0YzAiOnsiY3JlYXRlIjoyNDAwMDAwMDAwMDAsImRlbGV0ZSI6MjQwMDAwMDAwMDAwLCJ1cGRhdGUiOjI0MDAwMDAwMDAwMH19"
        }
      ]
    },
    {
      "mode": "managed",
      "type": "google_sql_database",
      "name": "database",
      "provider": "provider[\"registry.terraform.io/hashicorp/google\"]",
      "instances": []
    },
    {
      "mode": "managed",
      "type": "google_sql_database_instance",
      "name": "instance",
      "provider": "provider[\"registry.terraform.io/hashicorp/google-beta\"]",
      "instances": []
    },
    {
      "mode": "managed",
      "type": "google_sql_user",
      "name": "users",
      "provider": "provider[\"registry.terraform.io/hashicorp/google\"]",
      "instances": []
    },
    {
      "mode": "managed",
      "type": "google_storage_bucket",
      "name": "default",
      "provider": "provider[\"registry.terraform.io/hashicorp/google\"]",
      "instances": [
        {
          "schema_version": 0,
          "attributes": {
            "autoclass": [],
            "cors": [],
            "custom_placement_config": [],
            "default_event_based_hold": false,
            "encryption": [],
            "force_destroy": false,
            "id": "a5f0cfe61b051963-bucket-tfstate",
            "labels": {},
            "lifecycle_rule": [],
            "location": "US",
            "logging": [],
            "name": "a5f0cfe61b051963-bucket-tfstate",
            "project": "team3terraformproject",
            "public_access_prevention": "inherited",
            "requester_pays": false,
            "retention_policy": [],
            "self_link": "https://www.googleapis.com/storage/v1/b/a5f0cfe61b051963-bucket-tfstate",
            "storage_class": "STANDARD",
            "timeouts": null,
            "uniform_bucket_level_access": false,
            "url": "gs://a5f0cfe61b051963-bucket-tfstate",
            "versioning": [
              {
                "enabled": true
              }
            ],
            "website": []
          },
          "sensitive_attributes": [],
          "private": "eyJlMmJmYjczMC1lY2FhLTExZTYtOGY4OC0zNDM2M2JjN2M0YzAiOnsiY3JlYXRlIjo2MDAwMDAwMDAwMDAsInJlYWQiOjI0MDAwMDAwMDAwMCwidXBkYXRlIjoyNDAwMDAwMDAwMDB9fQ==",
          "dependencies": [
            "random_id.bucket_prefix"
          ]
        }
      ]
    },
    {
      "mode": "managed",
      "type": "random_id",
      "name": "bucket_prefix",
      "provider": "provider[\"registry.terraform.io/hashicorp/random\"]",
      "instances": [
        {
          "schema_version": 0,
          "attributes": {
            "b64_std": "pfDP5hsFGWM=",
            "b64_url": "pfDP5hsFGWM",
            "byte_length": 8,
            "dec": "11957285597871413603",
            "hex": "a5f0cfe61b051963",
            "id": "pfDP5hsFGWM",
            "keepers": null,
            "prefix": null
          },
          "sensitive_attributes": []
        }
      ]
    },
    {
      "module": "module.lb",
      "mode": "managed",
      "type": "google_compute_firewall",
      "name": "default-hc-fw",
      "provider": "provider[\"registry.terraform.io/hashicorp/google\"]",
      "instances": [
        {
          "index_key": 0,
          "schema_version": 1,
          "attributes": {
            "allow": [
              {
                "ports": [
                  "80"
                ],
                "protocol": "tcp"
              }
            ],
            "creation_timestamp": "2023-06-21T10:22:09.801-07:00",
            "deny": [],
            "description": "",
            "destination_ranges": [],
            "direction": "INGRESS",
            "disabled": false,
            "enable_logging": null,
            "id": "projects/team3terraformproject/global/firewalls/best-gcp-lb-london-hc",
            "log_config": [],
            "name": "best-gcp-lb-london-hc",
            "network": "https://www.googleapis.com/compute/v1/projects/team3terraformproject/global/networks/best-gcp-vpc-london",
            "priority": 1000,
            "project": "team3terraformproject",
            "self_link": "https://www.googleapis.com/compute/v1/projects/team3terraformproject/global/firewalls/best-gcp-lb-london-hc",
            "source_ranges": [
              "209.85.152.0/22",
              "209.85.204.0/22",
              "35.191.0.0/16"
            ],
            "source_service_accounts": null,
            "source_tags": null,
            "target_service_accounts": null,
            "target_tags": [
              "my-target-pool"
            ],
            "timeouts": null
          },
          "sensitive_attributes": [],
          "private": "eyJlMmJmYjczMC1lY2FhLTExZTYtOGY4OC0zNDM2M2JjN2M0YzAiOnsiY3JlYXRlIjoxMjAwMDAwMDAwMDAwLCJkZWxldGUiOjEyMDAwMDAwMDAwMDAsInVwZGF0ZSI6MTIwMDAwMDAwMDAwMH0sInNjaGVtYV92ZXJzaW9uIjoiMSJ9",
          "dependencies": [
            "google_compute_network.vpc"
          ]
        }
      ]
    },
    {
      "module": "module.lb",
      "mode": "managed",
      "type": "google_compute_firewall",
      "name": "default-lb-fw",
      "provider": "provider[\"registry.terraform.io/hashicorp/google\"]",
      "instances": [
        {
          "schema_version": 1,
          "attributes": {
            "allow": [
              {
                "ports": [
                  "80"
                ],
                "protocol": "tcp"
              }
            ],
            "creation_timestamp": "2023-06-21T10:22:09.778-07:00",
            "deny": [],
            "description": "",
            "destination_ranges": [],
            "direction": "INGRESS",
            "disabled": false,
            "enable_logging": null,
            "id": "projects/team3terraformproject/global/firewalls/best-gcp-lb-london-vm-service",
            "log_config": [],
            "name": "best-gcp-lb-london-vm-service",
            "network": "https://www.googleapis.com/compute/v1/projects/team3terraformproject/global/networks/best-gcp-vpc-london",
            "priority": 1000,
            "project": "team3terraformproject",
            "self_link": "https://www.googleapis.com/compute/v1/projects/team3terraformproject/global/firewalls/best-gcp-lb-london-vm-service",
            "source_ranges": [
              "0.0.0.0/0"
            ],
            "source_service_accounts": null,
            "source_tags": null,
            "target_service_accounts": null,
            "target_tags": [
              "my-target-pool"
            ],
            "timeouts": null
          },
          "sensitive_attributes": [],
          "private": "eyJlMmJmYjczMC1lY2FhLTExZTYtOGY4OC0zNDM2M2JjN2M0YzAiOnsiY3JlYXRlIjoxMjAwMDAwMDAwMDAwLCJkZWxldGUiOjEyMDAwMDAwMDAwMDAsInVwZGF0ZSI6MTIwMDAwMDAwMDAwMH0sInNjaGVtYV92ZXJzaW9uIjoiMSJ9",
          "dependencies": [
            "google_compute_network.vpc"
          ]
        }
      ]
    },
    {
      "module": "module.lb",
      "mode": "managed",
      "type": "google_compute_forwarding_rule",
      "name": "default",
      "provider": "provider[\"registry.terraform.io/hashicorp/google\"]",
      "instances": [
        {
          "schema_version": 0,
          "attributes": {
            "all_ports": false,
            "allow_global_access": false,
            "allow_psc_global_access": false,
            "backend_service": "",
            "base_forwarding_rule": "",
            "creation_timestamp": "2023-06-21T10:21:41.870-07:00",
            "description": "",
            "id": "projects/team3terraformproject/regions/europe-west2/forwardingRules/best-gcp-lb-london",
            "ip_address": "34.142.64.126",
            "ip_protocol": "TCP",
            "is_mirroring_collector": false,
            "label_fingerprint": "42WmSpB8rSM=",
            "labels": null,
            "load_balancing_scheme": "EXTERNAL",
            "name": "best-gcp-lb-london",
            "network": "",
            "network_tier": "PREMIUM",
            "port_range": "80-80",
            "ports": null,
            "project": "team3terraformproject",
            "psc_connection_id": "",
            "psc_connection_status": "",
            "region": "europe-west2",
            "self_link": "https://www.googleapis.com/compute/v1/projects/team3terraformproject/regions/europe-west2/forwardingRules/best-gcp-lb-london",
            "service_directory_registrations": [],
            "service_label": "",
            "service_name": "",
            "source_ip_ranges": null,
            "subnetwork": "",
            "target": "https://www.googleapis.com/compute/v1/projects/team3terraformproject/regions/europe-west2/targetPools/best-gcp-lb-london",
            "timeouts": null
          },
          "sensitive_attributes": [],
          "private": "eyJlMmJmYjczMC1lY2FhLTExZTYtOGY4OC0zNDM2M2JjN2M0YzAiOnsiY3JlYXRlIjoxMjAwMDAwMDAwMDAwLCJkZWxldGUiOjEyMDAwMDAwMDAwMDAsInVwZGF0ZSI6MTIwMDAwMDAwMDAwMH19",
          "dependencies": [
            "module.lb.google_compute_http_health_check.default",
            "module.lb.google_compute_target_pool.default"
          ]
        }
      ]
    },
    {
      "module": "module.lb",
      "mode": "managed",
      "type": "google_compute_http_health_check",
      "name": "default",
      "provider": "provider[\"registry.terraform.io/hashicorp/google\"]",
      "instances": [
        {
          "index_key": 0,
          "schema_version": 0,
          "attributes": {
            "check_interval_sec": 5,
            "creation_timestamp": "2023-06-21T10:21:17.647-07:00",
            "description": "",
            "healthy_threshold": 2,
            "host": "",
            "id": "projects/team3terraformproject/global/httpHealthChecks/best-gcp-lb-london-hc",
            "name": "best-gcp-lb-london-hc",
            "port": 80,
            "project": "team3terraformproject",
            "request_path": "/",
            "self_link": "https://www.googleapis.com/compute/v1/projects/team3terraformproject/global/httpHealthChecks/best-gcp-lb-london-hc",
            "timeout_sec": 5,
            "timeouts": null,
            "unhealthy_threshold": 2
          },
          "sensitive_attributes": [],
          "private": "eyJlMmJmYjczMC1lY2FhLTExZTYtOGY4OC0zNDM2M2JjN2M0YzAiOnsiY3JlYXRlIjoxMjAwMDAwMDAwMDAwLCJkZWxldGUiOjEyMDAwMDAwMDAwMDAsInVwZGF0ZSI6MTIwMDAwMDAwMDAwMH19"
        }
      ]
    },
    {
      "module": "module.lb",
      "mode": "managed",
      "type": "google_compute_target_pool",
      "name": "default",
      "provider": "provider[\"registry.terraform.io/hashicorp/google\"]",
      "instances": [
        {
          "schema_version": 0,
          "attributes": {
            "backup_pool": "",
            "description": "",
            "failover_ratio": 0,
            "health_checks": [
              "https://www.googleapis.com/compute/v1/projects/team3terraformproject/global/httpHealthChecks/best-gcp-lb-london-hc"
            ],
            "id": "projects/team3terraformproject/regions/europe-west2/targetPools/best-gcp-lb-london",
            "instances": [],
            "name": "best-gcp-lb-london",
            "project": "team3terraformproject",
            "region": "europe-west2",
            "self_link": "https://www.googleapis.com/compute/v1/projects/team3terraformproject/regions/europe-west2/targetPools/best-gcp-lb-london",
            "session_affinity": "NONE",
            "timeouts": null
          },
          "sensitive_attributes": [],
          "private": "eyJlMmJmYjczMC1lY2FhLTExZTYtOGY4OC0zNDM2M2JjN2M0YzAiOnsiY3JlYXRlIjoyNDAwMDAwMDAwMDAsImRlbGV0ZSI6MjQwMDAwMDAwMDAwLCJ1cGRhdGUiOjI0MDAwMDAwMDAwMH19",
          "dependencies": [
            "module.lb.google_compute_http_health_check.default"
          ]
        }
      ]
    }
  ],
  "check_results": null
}
